
Microsoft Visual Studio Solution File, Format Version 12.00
# Visual Studio 2012
Project("{FAE04EC0-301F-11D3-BF4B-00C04F79EFBC}") = "project_isf", "project_isf\project_isf.csproj", "{BE14836E-17B8-4D30-A518-413A83F8C54B}"
EndProject
Project("{FAE04EC0-301F-11D3-BF4B-00C04F79EFBC}") = "project_isf.Tests", "project_isf.Tests\project_isf.Tests.csproj", "{F743119D-9DBA-45A4-B458-9B09E91606ED}"
EndProject
Global
	GlobalSection(SolutionConfigurationPlatforms) = preSolution
		Debug|Any CPU = Debug|Any CPU
		Release|Any CPU = Release|Any CPU
	EndGlobalSection
	GlobalSection(ProjectConfigurationPlatforms) = postSolution
		{BE14836E-17B8-4D30-A518-413A83F8C54B}.Debug|Any CPU.ActiveCfg = Debug|Any CPU
		{BE14836E-17B8-4D30-A518-413A83F8C54B}.Debug|Any CPU.Build.0 = Debug|Any CPU
		{BE14836E-17B8-4D30-A518-413A83F8C54B}.Release|Any CPU.ActiveCfg = Release|Any CPU
		{BE14836E-17B8-4D30-A518-413A83F8C54B}.Release|Any CPU.Build.0 = Release|Any CPU
		{F743119D-9DBA-45A4-B458-9B09E91606ED}.Debug|Any CPU.ActiveCfg = Debug|Any CPU
		{F743119D-9DBA-45A4-B458-9B09E91606ED}.Debug|Any CPU.Build.0 = Debug|Any CPU
		{F743119D-9DBA-45A4-B458-9B09E91606ED}.Release|Any CPU.ActiveCfg = Release|Any CPU
		{F743119D-9DBA-45A4-B458-9B09E91606ED}.Release|Any CPU.Build.0 = Release|Any CPU
	EndGlobalSection
	GlobalSection(SolutionProperties) = preSolution
		HideSolutionNode = FALSE
	EndGlobalSection
EndGlobal
